
Microsoft Visual Studio Solution File, Format Version 11.00
# Visual Studio 2010
Project("{FAE04EC0-301F-11D3-BF4B-00C04F79EFBC}") = "FilesystemAndSharing", "FilesystemAndSharing\FilesystemAndSharing.csproj", "{367D4ECC-D04A-41FB-A784-4D10F30666C8}"
EndProject
Project("{FAE04EC0-301F-11D3-BF4B-00C04F79EFBC}") = "XibbedSingleController", "XibbedSingleController\XibbedSingleController.csproj", "{1E59267D-99BC-4009-983A-B50B3B92E148}"
EndProject
Project("{FAE04EC0-301F-11D3-BF4B-00C04F79EFBC}") = "XibbedWithModifiedXib", "XibbedWithModifiedXib\XibbedWithModifiedXib.csproj", "{C32D2601-6522-4C1A-A941-3330DFCA4768}"
EndProject
Project("{FAE04EC0-301F-11D3-BF4B-00C04F79EFBC}") = "XiblessNoUIViewController", "XiblessNoUIViewController\XiblessNoUIViewController.csproj", "{CDB9BE1D-F0A8-487E-8E87-19A784B864E7}"
EndProject
Project("{FAE04EC0-301F-11D3-BF4B-00C04F79EFBC}") = "UITableViewCell.Customization.FromXIB", "UITableCellViewFromXIBCustomized\UITableViewCell.Customization.FromXIB.csproj", "{7197C092-E05D-4191-81C3-145CF7A1ADF3}"
EndProject
Project("{FAE04EC0-301F-11D3-BF4B-00C04F79EFBC}") = "XIBfull.To.XIBless.iPhone", "XIBfull.To.XIBless.iPhone\XIBfull.To.XIBless.iPhone.csproj", "{E6C7D810-4875-44CA-B285-085BE7512356}"
EndProject
Project("{FAE04EC0-301F-11D3-BF4B-00C04F79EFBC}") = "UITableViewCell.Customization.DataLoading", "UITableViewCell.Customization.DataLoading\UITableViewCell.Customization.DataLoading.csproj", "{56BB61A0-78F1-4168-8AA6-89B74E02E443}"
EndProject
Project("{FAE04EC0-301F-11D3-BF4B-00C04F79EFBC}") = "UITableViewCell.Customization", "UITableViewCell.Customization\UITableViewCell.Customization.csproj", "{BEBDD924-BA48-443E-9B7B-63A837B7C74F}"
EndProject
Project("{FAE04EC0-301F-11D3-BF4B-00C04F79EFBC}") = "iOSDevice.FileSystem", "iOSDevice.FileSystem\iOSDevice.FileSystem.csproj", "{61858F3F-B9CA-438C-955F-B36C80D25B98}"
EndProject
Project("{FAE04EC0-301F-11D3-BF4B-00C04F79EFBC}") = "iOSDevice.Settings", "iOSDevice.Settings\iOSDevice.Settings.csproj", "{497AD6C9-797F-4578-A440-EC619F7057D8}"
EndProject
Project("{FAE04EC0-301F-11D3-BF4B-00C04F79EFBC}") = "UITabBarWithTabBarOnTop", "UITabBarWithTabBarOnTop\UITabBarWithTabBarOnTop.csproj", "{41395186-7180-45D6-B89E-C4F2CB511036}"
EndProject
Project("{FAE04EC0-301F-11D3-BF4B-00C04F79EFBC}") = "UITabBarWithTabBarOnTopWithDialogViewControllers", "UITabBarWithTabBarOnTopWithDialogViewControllers\UITabBarWithTabBarOnTopWithDialogViewControllers.csproj", "{F668A965-5E62-45E8-BB00-CE020F1B635C}"
EndProject
Global
	GlobalSection(SolutionConfigurationPlatforms) = preSolution
		Ad-Hoc|iPhone = Ad-Hoc|iPhone
		Ad-Hoc|iPhoneSimulator = Ad-Hoc|iPhoneSimulator
		AppStore|iPhone = AppStore|iPhone
		AppStore|iPhoneSimulator = AppStore|iPhoneSimulator
		Debug|iPhone = Debug|iPhone
		Debug|iPhoneSimulator = Debug|iPhoneSimulator
		Release|iPhone = Release|iPhone
		Release|iPhoneSimulator = Release|iPhoneSimulator
	EndGlobalSection
	GlobalSection(ProjectConfigurationPlatforms) = postSolution
		{1E59267D-99BC-4009-983A-B50B3B92E148}.Ad-Hoc|iPhone.ActiveCfg = Ad-Hoc|iPhone
		{1E59267D-99BC-4009-983A-B50B3B92E148}.Ad-Hoc|iPhone.Build.0 = Ad-Hoc|iPhone
		{1E59267D-99BC-4009-983A-B50B3B92E148}.Ad-Hoc|iPhoneSimulator.ActiveCfg = Debug|iPhoneSimulator
		{1E59267D-99BC-4009-983A-B50B3B92E148}.Ad-Hoc|iPhoneSimulator.Build.0 = Debug|iPhoneSimulator
		{1E59267D-99BC-4009-983A-B50B3B92E148}.AppStore|iPhone.ActiveCfg = AppStore|iPhone
		{1E59267D-99BC-4009-983A-B50B3B92E148}.AppStore|iPhone.Build.0 = AppStore|iPhone
		{1E59267D-99BC-4009-983A-B50B3B92E148}.AppStore|iPhoneSimulator.ActiveCfg = Debug|iPhoneSimulator
		{1E59267D-99BC-4009-983A-B50B3B92E148}.AppStore|iPhoneSimulator.Build.0 = Debug|iPhoneSimulator
		{1E59267D-99BC-4009-983A-B50B3B92E148}.Debug|iPhone.ActiveCfg = Debug|iPhone
		{1E59267D-99BC-4009-983A-B50B3B92E148}.Debug|iPhone.Build.0 = Debug|iPhone
		{1E59267D-99BC-4009-983A-B50B3B92E148}.Debug|iPhoneSimulator.ActiveCfg = Debug|iPhoneSimulator
		{1E59267D-99BC-4009-983A-B50B3B92E148}.Debug|iPhoneSimulator.Build.0 = Debug|iPhoneSimulator
		{1E59267D-99BC-4009-983A-B50B3B92E148}.Release|iPhone.ActiveCfg = Release|iPhone
		{1E59267D-99BC-4009-983A-B50B3B92E148}.Release|iPhone.Build.0 = Release|iPhone
		{1E59267D-99BC-4009-983A-B50B3B92E148}.Release|iPhoneSimulator.ActiveCfg = Release|iPhoneSimulator
		{1E59267D-99BC-4009-983A-B50B3B92E148}.Release|iPhoneSimulator.Build.0 = Release|iPhoneSimulator
		{367D4ECC-D04A-41FB-A784-4D10F30666C8}.Ad-Hoc|iPhone.ActiveCfg = Debug|iPhone
		{367D4ECC-D04A-41FB-A784-4D10F30666C8}.Ad-Hoc|iPhone.Build.0 = Debug|iPhone
		{367D4ECC-D04A-41FB-A784-4D10F30666C8}.Ad-Hoc|iPhoneSimulator.ActiveCfg = Debug|iPhoneSimulator
		{367D4ECC-D04A-41FB-A784-4D10F30666C8}.Ad-Hoc|iPhoneSimulator.Build.0 = Debug|iPhoneSimulator
		{367D4ECC-D04A-41FB-A784-4D10F30666C8}.AppStore|iPhone.ActiveCfg = Debug|iPhone
		{367D4ECC-D04A-41FB-A784-4D10F30666C8}.AppStore|iPhone.Build.0 = Debug|iPhone
		{367D4ECC-D04A-41FB-A784-4D10F30666C8}.AppStore|iPhoneSimulator.ActiveCfg = Debug|iPhoneSimulator
		{367D4ECC-D04A-41FB-A784-4D10F30666C8}.AppStore|iPhoneSimulator.Build.0 = Debug|iPhoneSimulator
		{367D4ECC-D04A-41FB-A784-4D10F30666C8}.Debug|iPhone.ActiveCfg = Debug|iPhone
		{367D4ECC-D04A-41FB-A784-4D10F30666C8}.Debug|iPhone.Build.0 = Debug|iPhone
		{367D4ECC-D04A-41FB-A784-4D10F30666C8}.Debug|iPhoneSimulator.ActiveCfg = Debug|iPhoneSimulator
		{367D4ECC-D04A-41FB-A784-4D10F30666C8}.Debug|iPhoneSimulator.Build.0 = Debug|iPhoneSimulator
		{367D4ECC-D04A-41FB-A784-4D10F30666C8}.Release|iPhone.ActiveCfg = Release|iPhone
		{367D4ECC-D04A-41FB-A784-4D10F30666C8}.Release|iPhone.Build.0 = Release|iPhone
		{367D4ECC-D04A-41FB-A784-4D10F30666C8}.Release|iPhoneSimulator.ActiveCfg = Release|iPhoneSimulator
		{367D4ECC-D04A-41FB-A784-4D10F30666C8}.Release|iPhoneSimulator.Build.0 = Release|iPhoneSimulator
		{41395186-7180-45D6-B89E-C4F2CB511036}.Ad-Hoc|iPhone.ActiveCfg = Debug|iPhone
		{41395186-7180-45D6-B89E-C4F2CB511036}.Ad-Hoc|iPhone.Build.0 = Debug|iPhone
		{41395186-7180-45D6-B89E-C4F2CB511036}.Ad-Hoc|iPhoneSimulator.ActiveCfg = Debug|iPhoneSimulator
		{41395186-7180-45D6-B89E-C4F2CB511036}.Ad-Hoc|iPhoneSimulator.Build.0 = Debug|iPhoneSimulator
		{41395186-7180-45D6-B89E-C4F2CB511036}.AppStore|iPhone.ActiveCfg = Debug|iPhone
		{41395186-7180-45D6-B89E-C4F2CB511036}.AppStore|iPhone.Build.0 = Debug|iPhone
		{41395186-7180-45D6-B89E-C4F2CB511036}.AppStore|iPhoneSimulator.ActiveCfg = Debug|iPhoneSimulator
		{41395186-7180-45D6-B89E-C4F2CB511036}.AppStore|iPhoneSimulator.Build.0 = Debug|iPhoneSimulator
		{41395186-7180-45D6-B89E-C4F2CB511036}.Debug|iPhone.ActiveCfg = Debug|iPhone
		{41395186-7180-45D6-B89E-C4F2CB511036}.Debug|iPhone.Build.0 = Debug|iPhone
		{41395186-7180-45D6-B89E-C4F2CB511036}.Debug|iPhoneSimulator.ActiveCfg = Debug|iPhoneSimulator
		{41395186-7180-45D6-B89E-C4F2CB511036}.Debug|iPhoneSimulator.Build.0 = Debug|iPhoneSimulator
		{41395186-7180-45D6-B89E-C4F2CB511036}.Release|iPhone.ActiveCfg = Release|iPhone
		{41395186-7180-45D6-B89E-C4F2CB511036}.Release|iPhone.Build.0 = Release|iPhone
		{41395186-7180-45D6-B89E-C4F2CB511036}.Release|iPhoneSimulator.ActiveCfg = Release|iPhoneSimulator
		{41395186-7180-45D6-B89E-C4F2CB511036}.Release|iPhoneSimulator.Build.0 = Release|iPhoneSimulator
		{497AD6C9-797F-4578-A440-EC619F7057D8}.Ad-Hoc|iPhone.ActiveCfg = Debug|iPhone
		{497AD6C9-797F-4578-A440-EC619F7057D8}.Ad-Hoc|iPhone.Build.0 = Debug|iPhone
		{497AD6C9-797F-4578-A440-EC619F7057D8}.Ad-Hoc|iPhoneSimulator.ActiveCfg = Debug|iPhoneSimulator
		{497AD6C9-797F-4578-A440-EC619F7057D8}.Ad-Hoc|iPhoneSimulator.Build.0 = Debug|iPhoneSimulator
		{497AD6C9-797F-4578-A440-EC619F7057D8}.AppStore|iPhone.ActiveCfg = Debug|iPhone
		{497AD6C9-797F-4578-A440-EC619F7057D8}.AppStore|iPhone.Build.0 = Debug|iPhone
		{497AD6C9-797F-4578-A440-EC619F7057D8}.AppStore|iPhoneSimulator.ActiveCfg = Debug|iPhoneSimulator
		{497AD6C9-797F-4578-A440-EC619F7057D8}.AppStore|iPhoneSimulator.Build.0 = Debug|iPhoneSimulator
		{497AD6C9-797F-4578-A440-EC619F7057D8}.Debug|iPhone.ActiveCfg = Debug|iPhone
		{497AD6C9-797F-4578-A440-EC619F7057D8}.Debug|iPhone.Build.0 = Debug|iPhone
		{497AD6C9-797F-4578-A440-EC619F7057D8}.Debug|iPhoneSimulator.ActiveCfg = Debug|iPhoneSimulator
		{497AD6C9-797F-4578-A440-EC619F7057D8}.Debug|iPhoneSimulator.Build.0 = Debug|iPhoneSimulator
		{497AD6C9-797F-4578-A440-EC619F7057D8}.Release|iPhone.ActiveCfg = Release|iPhone
		{497AD6C9-797F-4578-A440-EC619F7057D8}.Release|iPhone.Build.0 = Release|iPhone
		{497AD6C9-797F-4578-A440-EC619F7057D8}.Release|iPhoneSimulator.ActiveCfg = Release|iPhoneSimulator
		{497AD6C9-797F-4578-A440-EC619F7057D8}.Release|iPhoneSimulator.Build.0 = Release|iPhoneSimulator
		{56BB61A0-78F1-4168-8AA6-89B74E02E443}.Ad-Hoc|iPhone.ActiveCfg = Release|iPhone
		{56BB61A0-78F1-4168-8AA6-89B74E02E443}.Ad-Hoc|iPhone.Build.0 = Release|iPhone
		{56BB61A0-78F1-4168-8AA6-89B74E02E443}.Ad-Hoc|iPhoneSimulator.ActiveCfg = Release|iPhone
		{56BB61A0-78F1-4168-8AA6-89B74E02E443}.AppStore|iPhone.ActiveCfg = Release|iPhone
		{56BB61A0-78F1-4168-8AA6-89B74E02E443}.AppStore|iPhone.Build.0 = Release|iPhone
		{56BB61A0-78F1-4168-8AA6-89B74E02E443}.AppStore|iPhoneSimulator.ActiveCfg = Release|iPhone
		{56BB61A0-78F1-4168-8AA6-89B74E02E443}.Debug|iPhone.ActiveCfg = Debug|iPhone
		{56BB61A0-78F1-4168-8AA6-89B74E02E443}.Debug|iPhone.Build.0 = Debug|iPhone
		{56BB61A0-78F1-4168-8AA6-89B74E02E443}.Debug|iPhoneSimulator.ActiveCfg = Debug|iPhoneSimulator
		{56BB61A0-78F1-4168-8AA6-89B74E02E443}.Debug|iPhoneSimulator.Build.0 = Debug|iPhoneSimulator
		{56BB61A0-78F1-4168-8AA6-89B74E02E443}.Release|iPhone.ActiveCfg = Release|iPhone
		{56BB61A0-78F1-4168-8AA6-89B74E02E443}.Release|iPhone.Build.0 = Release|iPhone
		{56BB61A0-78F1-4168-8AA6-89B74E02E443}.Release|iPhoneSimulator.ActiveCfg = Release|iPhoneSimulator
		{56BB61A0-78F1-4168-8AA6-89B74E02E443}.Release|iPhoneSimulator.Build.0 = Release|iPhoneSimulator
		{61858F3F-B9CA-438C-955F-B36C80D25B98}.Ad-Hoc|iPhone.ActiveCfg = Ad-Hoc|iPhone
		{61858F3F-B9CA-438C-955F-B36C80D25B98}.Ad-Hoc|iPhone.Build.0 = Ad-Hoc|iPhone
		{61858F3F-B9CA-438C-955F-B36C80D25B98}.Ad-Hoc|iPhoneSimulator.ActiveCfg = Ad-Hoc|iPhoneSimulator
		{61858F3F-B9CA-438C-955F-B36C80D25B98}.Ad-Hoc|iPhoneSimulator.Build.0 = Ad-Hoc|iPhoneSimulator
		{61858F3F-B9CA-438C-955F-B36C80D25B98}.AppStore|iPhone.ActiveCfg = AppStore|iPhone
		{61858F3F-B9CA-438C-955F-B36C80D25B98}.AppStore|iPhone.Build.0 = AppStore|iPhone
		{61858F3F-B9CA-438C-955F-B36C80D25B98}.AppStore|iPhoneSimulator.ActiveCfg = AppStore|iPhoneSimulator
		{61858F3F-B9CA-438C-955F-B36C80D25B98}.AppStore|iPhoneSimulator.Build.0 = AppStore|iPhoneSimulator
		{61858F3F-B9CA-438C-955F-B36C80D25B98}.Debug|iPhone.ActiveCfg = Debug|iPhone
		{61858F3F-B9CA-438C-955F-B36C80D25B98}.Debug|iPhone.Build.0 = Debug|iPhone
		{61858F3F-B9CA-438C-955F-B36C80D25B98}.Debug|iPhoneSimulator.ActiveCfg = Debug|iPhoneSimulator
		{61858F3F-B9CA-438C-955F-B36C80D25B98}.Debug|iPhoneSimulator.Build.0 = Debug|iPhoneSimulator
		{61858F3F-B9CA-438C-955F-B36C80D25B98}.Release|iPhone.ActiveCfg = Release|iPhone
		{61858F3F-B9CA-438C-955F-B36C80D25B98}.Release|iPhone.Build.0 = Release|iPhone
		{61858F3F-B9CA-438C-955F-B36C80D25B98}.Release|iPhoneSimulator.ActiveCfg = Release|iPhoneSimulator
		{61858F3F-B9CA-438C-955F-B36C80D25B98}.Release|iPhoneSimulator.Build.0 = Release|iPhoneSimulator
		{7197C092-E05D-4191-81C3-145CF7A1ADF3}.Ad-Hoc|iPhone.ActiveCfg = Ad-Hoc|iPhone
		{7197C092-E05D-4191-81C3-145CF7A1ADF3}.Ad-Hoc|iPhone.Build.0 = Ad-Hoc|iPhone
		{7197C092-E05D-4191-81C3-145CF7A1ADF3}.Ad-Hoc|iPhoneSimulator.ActiveCfg = Ad-Hoc|iPhoneSimulator
		{7197C092-E05D-4191-81C3-145CF7A1ADF3}.Ad-Hoc|iPhoneSimulator.Build.0 = Ad-Hoc|iPhoneSimulator
		{7197C092-E05D-4191-81C3-145CF7A1ADF3}.AppStore|iPhone.ActiveCfg = AppStore|iPhone
		{7197C092-E05D-4191-81C3-145CF7A1ADF3}.AppStore|iPhone.Build.0 = AppStore|iPhone
		{7197C092-E05D-4191-81C3-145CF7A1ADF3}.AppStore|iPhoneSimulator.ActiveCfg = AppStore|iPhoneSimulator
		{7197C092-E05D-4191-81C3-145CF7A1ADF3}.AppStore|iPhoneSimulator.Build.0 = AppStore|iPhoneSimulator
		{7197C092-E05D-4191-81C3-145CF7A1ADF3}.Debug|iPhone.ActiveCfg = Debug|iPhone
		{7197C092-E05D-4191-81C3-145CF7A1ADF3}.Debug|iPhone.Build.0 = Debug|iPhone
		{7197C092-E05D-4191-81C3-145CF7A1ADF3}.Debug|iPhoneSimulator.ActiveCfg = Debug|iPhoneSimulator
		{7197C092-E05D-4191-81C3-145CF7A1ADF3}.Debug|iPhoneSimulator.Build.0 = Debug|iPhoneSimulator
		{7197C092-E05D-4191-81C3-145CF7A1ADF3}.Release|iPhone.ActiveCfg = Release|iPhone
		{7197C092-E05D-4191-81C3-145CF7A1ADF3}.Release|iPhone.Build.0 = Release|iPhone
		{7197C092-E05D-4191-81C3-145CF7A1ADF3}.Release|iPhoneSimulator.ActiveCfg = Release|iPhoneSimulator
		{7197C092-E05D-4191-81C3-145CF7A1ADF3}.Release|iPhoneSimulator.Build.0 = Release|iPhoneSimulator
		{BEBDD924-BA48-443E-9B7B-63A837B7C74F}.Ad-Hoc|iPhone.ActiveCfg = Ad-Hoc|iPhone
		{BEBDD924-BA48-443E-9B7B-63A837B7C74F}.Ad-Hoc|iPhone.Build.0 = Ad-Hoc|iPhone
		{BEBDD924-BA48-443E-9B7B-63A837B7C74F}.Ad-Hoc|iPhoneSimulator.ActiveCfg = Debug|iPhoneSimulator
		{BEBDD924-BA48-443E-9B7B-63A837B7C74F}.Ad-Hoc|iPhoneSimulator.Build.0 = Debug|iPhoneSimulator
		{BEBDD924-BA48-443E-9B7B-63A837B7C74F}.AppStore|iPhone.ActiveCfg = AppStore|iPhone
		{BEBDD924-BA48-443E-9B7B-63A837B7C74F}.AppStore|iPhone.Build.0 = AppStore|iPhone
		{BEBDD924-BA48-443E-9B7B-63A837B7C74F}.AppStore|iPhoneSimulator.ActiveCfg = Debug|iPhoneSimulator
		{BEBDD924-BA48-443E-9B7B-63A837B7C74F}.AppStore|iPhoneSimulator.Build.0 = Debug|iPhoneSimulator
		{BEBDD924-BA48-443E-9B7B-63A837B7C74F}.Debug|iPhone.ActiveCfg = Debug|iPhone
		{BEBDD924-BA48-443E-9B7B-63A837B7C74F}.Debug|iPhone.Build.0 = Debug|iPhone
		{BEBDD924-BA48-443E-9B7B-63A837B7C74F}.Debug|iPhoneSimulator.ActiveCfg = Debug|iPhoneSimulator
		{BEBDD924-BA48-443E-9B7B-63A837B7C74F}.Debug|iPhoneSimulator.Build.0 = Debug|iPhoneSimulator
		{BEBDD924-BA48-443E-9B7B-63A837B7C74F}.Release|iPhone.ActiveCfg = Release|iPhone
		{BEBDD924-BA48-443E-9B7B-63A837B7C74F}.Release|iPhone.Build.0 = Release|iPhone
		{BEBDD924-BA48-443E-9B7B-63A837B7C74F}.Release|iPhoneSimulator.ActiveCfg = Release|iPhoneSimulator
		{BEBDD924-BA48-443E-9B7B-63A837B7C74F}.Release|iPhoneSimulator.Build.0 = Release|iPhoneSimulator
		{C32D2601-6522-4C1A-A941-3330DFCA4768}.Ad-Hoc|iPhone.ActiveCfg = Ad-Hoc|iPhone
		{C32D2601-6522-4C1A-A941-3330DFCA4768}.Ad-Hoc|iPhone.Build.0 = Ad-Hoc|iPhone
		{C32D2601-6522-4C1A-A941-3330DFCA4768}.Ad-Hoc|iPhoneSimulator.ActiveCfg = Debug|iPhoneSimulator
		{C32D2601-6522-4C1A-A941-3330DFCA4768}.Ad-Hoc|iPhoneSimulator.Build.0 = Debug|iPhoneSimulator
		{C32D2601-6522-4C1A-A941-3330DFCA4768}.AppStore|iPhone.ActiveCfg = AppStore|iPhone
		{C32D2601-6522-4C1A-A941-3330DFCA4768}.AppStore|iPhone.Build.0 = AppStore|iPhone
		{C32D2601-6522-4C1A-A941-3330DFCA4768}.AppStore|iPhoneSimulator.ActiveCfg = Debug|iPhoneSimulator
		{C32D2601-6522-4C1A-A941-3330DFCA4768}.AppStore|iPhoneSimulator.Build.0 = Debug|iPhoneSimulator
		{C32D2601-6522-4C1A-A941-3330DFCA4768}.Debug|iPhone.ActiveCfg = Debug|iPhone
		{C32D2601-6522-4C1A-A941-3330DFCA4768}.Debug|iPhone.Build.0 = Debug|iPhone
		{C32D2601-6522-4C1A-A941-3330DFCA4768}.Debug|iPhoneSimulator.ActiveCfg = Debug|iPhoneSimulator
		{C32D2601-6522-4C1A-A941-3330DFCA4768}.Debug|iPhoneSimulator.Build.0 = Debug|iPhoneSimulator
		{C32D2601-6522-4C1A-A941-3330DFCA4768}.Release|iPhone.ActiveCfg = Release|iPhone
		{C32D2601-6522-4C1A-A941-3330DFCA4768}.Release|iPhone.Build.0 = Release|iPhone
		{C32D2601-6522-4C1A-A941-3330DFCA4768}.Release|iPhoneSimulator.ActiveCfg = Release|iPhoneSimulator
		{C32D2601-6522-4C1A-A941-3330DFCA4768}.Release|iPhoneSimulator.Build.0 = Release|iPhoneSimulator
		{CDB9BE1D-F0A8-487E-8E87-19A784B864E7}.Ad-Hoc|iPhone.ActiveCfg = Ad-Hoc|iPhone
		{CDB9BE1D-F0A8-487E-8E87-19A784B864E7}.Ad-Hoc|iPhone.Build.0 = Ad-Hoc|iPhone
		{CDB9BE1D-F0A8-487E-8E87-19A784B864E7}.Ad-Hoc|iPhoneSimulator.ActiveCfg = Debug|iPhoneSimulator
		{CDB9BE1D-F0A8-487E-8E87-19A784B864E7}.Ad-Hoc|iPhoneSimulator.Build.0 = Debug|iPhoneSimulator
		{CDB9BE1D-F0A8-487E-8E87-19A784B864E7}.AppStore|iPhone.ActiveCfg = AppStore|iPhone
		{CDB9BE1D-F0A8-487E-8E87-19A784B864E7}.AppStore|iPhone.Build.0 = AppStore|iPhone
		{CDB9BE1D-F0A8-487E-8E87-19A784B864E7}.AppStore|iPhoneSimulator.ActiveCfg = Debug|iPhoneSimulator
		{CDB9BE1D-F0A8-487E-8E87-19A784B864E7}.AppStore|iPhoneSimulator.Build.0 = Debug|iPhoneSimulator
		{CDB9BE1D-F0A8-487E-8E87-19A784B864E7}.Debug|iPhone.ActiveCfg = Debug|iPhone
		{CDB9BE1D-F0A8-487E-8E87-19A784B864E7}.Debug|iPhone.Build.0 = Debug|iPhone
		{CDB9BE1D-F0A8-487E-8E87-19A784B864E7}.Debug|iPhoneSimulator.ActiveCfg = Debug|iPhoneSimulator
		{CDB9BE1D-F0A8-487E-8E87-19A784B864E7}.Debug|iPhoneSimulator.Build.0 = Debug|iPhoneSimulator
		{CDB9BE1D-F0A8-487E-8E87-19A784B864E7}.Release|iPhone.ActiveCfg = Release|iPhone
		{CDB9BE1D-F0A8-487E-8E87-19A784B864E7}.Release|iPhone.Build.0 = Release|iPhone
		{CDB9BE1D-F0A8-487E-8E87-19A784B864E7}.Release|iPhoneSimulator.ActiveCfg = Release|iPhoneSimulator
		{CDB9BE1D-F0A8-487E-8E87-19A784B864E7}.Release|iPhoneSimulator.Build.0 = Release|iPhoneSimulator
		{E6C7D810-4875-44CA-B285-085BE7512356}.Ad-Hoc|iPhone.ActiveCfg = Ad-Hoc|iPhone
		{E6C7D810-4875-44CA-B285-085BE7512356}.Ad-Hoc|iPhone.Build.0 = Ad-Hoc|iPhone
		{E6C7D810-4875-44CA-B285-085BE7512356}.Ad-Hoc|iPhoneSimulator.ActiveCfg = Debug|iPhoneSimulator
		{E6C7D810-4875-44CA-B285-085BE7512356}.Ad-Hoc|iPhoneSimulator.Build.0 = Debug|iPhoneSimulator
		{E6C7D810-4875-44CA-B285-085BE7512356}.AppStore|iPhone.ActiveCfg = AppStore|iPhone
		{E6C7D810-4875-44CA-B285-085BE7512356}.AppStore|iPhone.Build.0 = AppStore|iPhone
		{E6C7D810-4875-44CA-B285-085BE7512356}.AppStore|iPhoneSimulator.ActiveCfg = Debug|iPhoneSimulator
		{E6C7D810-4875-44CA-B285-085BE7512356}.AppStore|iPhoneSimulator.Build.0 = Debug|iPhoneSimulator
		{E6C7D810-4875-44CA-B285-085BE7512356}.Debug|iPhone.ActiveCfg = Debug|iPhone
		{E6C7D810-4875-44CA-B285-085BE7512356}.Debug|iPhone.Build.0 = Debug|iPhone
		{E6C7D810-4875-44CA-B285-085BE7512356}.Debug|iPhoneSimulator.ActiveCfg = Debug|iPhoneSimulator
		{E6C7D810-4875-44CA-B285-085BE7512356}.Debug|iPhoneSimulator.Build.0 = Debug|iPhoneSimulator
		{E6C7D810-4875-44CA-B285-085BE7512356}.Release|iPhone.ActiveCfg = Release|iPhone
		{E6C7D810-4875-44CA-B285-085BE7512356}.Release|iPhone.Build.0 = Release|iPhone
		{E6C7D810-4875-44CA-B285-085BE7512356}.Release|iPhoneSimulator.ActiveCfg = Release|iPhoneSimulator
		{E6C7D810-4875-44CA-B285-085BE7512356}.Release|iPhoneSimulator.Build.0 = Release|iPhoneSimulator
		{F668A965-5E62-45E8-BB00-CE020F1B635C}.Ad-Hoc|iPhone.ActiveCfg = Ad-Hoc|iPhone
		{F668A965-5E62-45E8-BB00-CE020F1B635C}.Ad-Hoc|iPhone.Build.0 = Ad-Hoc|iPhone
		{F668A965-5E62-45E8-BB00-CE020F1B635C}.Ad-Hoc|iPhoneSimulator.ActiveCfg = Debug|iPhoneSimulator
		{F668A965-5E62-45E8-BB00-CE020F1B635C}.Ad-Hoc|iPhoneSimulator.Build.0 = Debug|iPhoneSimulator
		{F668A965-5E62-45E8-BB00-CE020F1B635C}.AppStore|iPhone.ActiveCfg = AppStore|iPhone
		{F668A965-5E62-45E8-BB00-CE020F1B635C}.AppStore|iPhone.Build.0 = AppStore|iPhone
		{F668A965-5E62-45E8-BB00-CE020F1B635C}.AppStore|iPhoneSimulator.ActiveCfg = Debug|iPhoneSimulator
		{F668A965-5E62-45E8-BB00-CE020F1B635C}.AppStore|iPhoneSimulator.Build.0 = Debug|iPhoneSimulator
		{F668A965-5E62-45E8-BB00-CE020F1B635C}.Debug|iPhone.ActiveCfg = Debug|iPhone
		{F668A965-5E62-45E8-BB00-CE020F1B635C}.Debug|iPhone.Build.0 = Debug|iPhone
		{F668A965-5E62-45E8-BB00-CE020F1B635C}.Debug|iPhoneSimulator.ActiveCfg = Debug|iPhoneSimulator
		{F668A965-5E62-45E8-BB00-CE020F1B635C}.Debug|iPhoneSimulator.Build.0 = Debug|iPhoneSimulator
		{F668A965-5E62-45E8-BB00-CE020F1B635C}.Release|iPhone.ActiveCfg = Release|iPhone
		{F668A965-5E62-45E8-BB00-CE020F1B635C}.Release|iPhone.Build.0 = Release|iPhone
		{F668A965-5E62-45E8-BB00-CE020F1B635C}.Release|iPhoneSimulator.ActiveCfg = Release|iPhoneSimulator
		{F668A965-5E62-45E8-BB00-CE020F1B635C}.Release|iPhoneSimulator.Build.0 = Release|iPhoneSimulator
	EndGlobalSection
	GlobalSection(MonoDevelopProperties) = preSolution
		StartupItem = UITabBarWithTabBarOnTopWithDialogViewControllers\UITabBarWithTabBarOnTopWithDialogViewControllers.csproj
	EndGlobalSection
	GlobalSection(SolutionProperties) = preSolution
		HideSolutionNode = FALSE
	EndGlobalSection
EndGlobal
