
Microsoft Visual Studio Solution File, Format Version 11.00
# Visual Studio 2010
Project("{FAE04EC0-301F-11D3-BF4B-00C04F79EFBC}") = "UITableViewCellCustomization", "UITableViewCell.Customization\UITableViewCellCustomization.csproj", "{BEBDD924-BA48-443E-9B7B-63A837B7C74F}"
EndProject
Project("{FAE04EC0-301F-11D3-BF4B-00C04F79EFBC}") = "FilesystemAndSharing", "FilesystemAndSharing\FilesystemAndSharing.csproj", "{367D4ECC-D04A-41FB-A784-4D10F30666C8}"
EndProject
Project("{FAE04EC0-301F-11D3-BF4B-00C04F79EFBC}") = "XibbedSingleController", "XibbedSingleController\XibbedSingleController.csproj", "{1E59267D-99BC-4009-983A-B50B3B92E148}"
EndProject
Project("{FAE04EC0-301F-11D3-BF4B-00C04F79EFBC}") = "XibbedWithModifiedXib", "XibbedWithModifiedXib\XibbedWithModifiedXib.csproj", "{C32D2601-6522-4C1A-A941-3330DFCA4768}"
EndProject
Project("{FAE04EC0-301F-11D3-BF4B-00C04F79EFBC}") = "XiblessNoUIViewController", "XiblessNoUIViewController\XiblessNoUIViewController.csproj", "{CDB9BE1D-F0A8-487E-8E87-19A784B864E7}"
EndProject
Project("{FAE04EC0-301F-11D3-BF4B-00C04F79EFBC}") = "Settings", "Settings\Settings.csproj", "{497AD6C9-797F-4578-A440-EC619F7057D8}"
EndProject
Project("{FAE04EC0-301F-11D3-BF4B-00C04F79EFBC}") = "UITableCellViewFromXIBCustomized", "UITableCellViewFromXIBCustomized\UITableCellViewFromXIBCustomized.csproj", "{7197C092-E05D-4191-81C3-145CF7A1ADF3}"
EndProject
Global
	GlobalSection(SolutionConfigurationPlatforms) = preSolution
		Ad-Hoc|iPhone = Ad-Hoc|iPhone
		Ad-Hoc|iPhoneSimulator = Ad-Hoc|iPhoneSimulator
		AppStore|iPhone = AppStore|iPhone
		AppStore|iPhoneSimulator = AppStore|iPhoneSimulator
		Debug|iPhone = Debug|iPhone
		Debug|iPhoneSimulator = Debug|iPhoneSimulator
		Release|iPhone = Release|iPhone
		Release|iPhoneSimulator = Release|iPhoneSimulator
	EndGlobalSection
	GlobalSection(ProjectConfigurationPlatforms) = postSolution
		{BEBDD924-BA48-443E-9B7B-63A837B7C74F}.Ad-Hoc|iPhone.ActiveCfg = Ad-Hoc|iPhone
		{BEBDD924-BA48-443E-9B7B-63A837B7C74F}.Ad-Hoc|iPhone.Build.0 = Ad-Hoc|iPhone
		{BEBDD924-BA48-443E-9B7B-63A837B7C74F}.Ad-Hoc|iPhoneSimulator.ActiveCfg = Ad-Hoc|iPhoneSimulator
		{BEBDD924-BA48-443E-9B7B-63A837B7C74F}.Ad-Hoc|iPhoneSimulator.Build.0 = Ad-Hoc|iPhoneSimulator
		{BEBDD924-BA48-443E-9B7B-63A837B7C74F}.AppStore|iPhone.ActiveCfg = AppStore|iPhone
		{BEBDD924-BA48-443E-9B7B-63A837B7C74F}.AppStore|iPhone.Build.0 = AppStore|iPhone
		{BEBDD924-BA48-443E-9B7B-63A837B7C74F}.AppStore|iPhoneSimulator.ActiveCfg = AppStore|iPhoneSimulator
		{BEBDD924-BA48-443E-9B7B-63A837B7C74F}.AppStore|iPhoneSimulator.Build.0 = AppStore|iPhoneSimulator
		{BEBDD924-BA48-443E-9B7B-63A837B7C74F}.Debug|iPhone.ActiveCfg = Debug|iPhone
		{BEBDD924-BA48-443E-9B7B-63A837B7C74F}.Debug|iPhone.Build.0 = Debug|iPhone
		{BEBDD924-BA48-443E-9B7B-63A837B7C74F}.Debug|iPhoneSimulator.ActiveCfg = Debug|iPhoneSimulator
		{BEBDD924-BA48-443E-9B7B-63A837B7C74F}.Debug|iPhoneSimulator.Build.0 = Debug|iPhoneSimulator
		{BEBDD924-BA48-443E-9B7B-63A837B7C74F}.Release|iPhone.ActiveCfg = Release|iPhone
		{BEBDD924-BA48-443E-9B7B-63A837B7C74F}.Release|iPhone.Build.0 = Release|iPhone
		{BEBDD924-BA48-443E-9B7B-63A837B7C74F}.Release|iPhoneSimulator.ActiveCfg = Release|iPhoneSimulator
		{BEBDD924-BA48-443E-9B7B-63A837B7C74F}.Release|iPhoneSimulator.Build.0 = Release|iPhoneSimulator
		{367D4ECC-D04A-41FB-A784-4D10F30666C8}.Ad-Hoc|iPhone.ActiveCfg = Debug|iPhone
		{367D4ECC-D04A-41FB-A784-4D10F30666C8}.Ad-Hoc|iPhone.Build.0 = Debug|iPhone
		{367D4ECC-D04A-41FB-A784-4D10F30666C8}.Ad-Hoc|iPhoneSimulator.ActiveCfg = Debug|iPhoneSimulator
		{367D4ECC-D04A-41FB-A784-4D10F30666C8}.Ad-Hoc|iPhoneSimulator.Build.0 = Debug|iPhoneSimulator
		{367D4ECC-D04A-41FB-A784-4D10F30666C8}.AppStore|iPhone.ActiveCfg = Debug|iPhone
		{367D4ECC-D04A-41FB-A784-4D10F30666C8}.AppStore|iPhone.Build.0 = Debug|iPhone
		{367D4ECC-D04A-41FB-A784-4D10F30666C8}.AppStore|iPhoneSimulator.ActiveCfg = Debug|iPhoneSimulator
		{367D4ECC-D04A-41FB-A784-4D10F30666C8}.AppStore|iPhoneSimulator.Build.0 = Debug|iPhoneSimulator
		{367D4ECC-D04A-41FB-A784-4D10F30666C8}.Debug|iPhone.ActiveCfg = Debug|iPhone
		{367D4ECC-D04A-41FB-A784-4D10F30666C8}.Debug|iPhone.Build.0 = Debug|iPhone
		{367D4ECC-D04A-41FB-A784-4D10F30666C8}.Debug|iPhoneSimulator.ActiveCfg = Debug|iPhoneSimulator
		{367D4ECC-D04A-41FB-A784-4D10F30666C8}.Debug|iPhoneSimulator.Build.0 = Debug|iPhoneSimulator
		{367D4ECC-D04A-41FB-A784-4D10F30666C8}.Release|iPhone.ActiveCfg = Release|iPhone
		{367D4ECC-D04A-41FB-A784-4D10F30666C8}.Release|iPhone.Build.0 = Release|iPhone
		{367D4ECC-D04A-41FB-A784-4D10F30666C8}.Release|iPhoneSimulator.ActiveCfg = Release|iPhoneSimulator
		{367D4ECC-D04A-41FB-A784-4D10F30666C8}.Release|iPhoneSimulator.Build.0 = Release|iPhoneSimulator
		{1E59267D-99BC-4009-983A-B50B3B92E148}.Ad-Hoc|iPhone.ActiveCfg = Ad-Hoc|iPhone
		{1E59267D-99BC-4009-983A-B50B3B92E148}.Ad-Hoc|iPhone.Build.0 = Ad-Hoc|iPhone
		{1E59267D-99BC-4009-983A-B50B3B92E148}.Ad-Hoc|iPhoneSimulator.ActiveCfg = Debug|iPhoneSimulator
		{1E59267D-99BC-4009-983A-B50B3B92E148}.Ad-Hoc|iPhoneSimulator.Build.0 = Debug|iPhoneSimulator
		{1E59267D-99BC-4009-983A-B50B3B92E148}.AppStore|iPhone.ActiveCfg = AppStore|iPhone
		{1E59267D-99BC-4009-983A-B50B3B92E148}.AppStore|iPhone.Build.0 = AppStore|iPhone
		{1E59267D-99BC-4009-983A-B50B3B92E148}.AppStore|iPhoneSimulator.ActiveCfg = Debug|iPhoneSimulator
		{1E59267D-99BC-4009-983A-B50B3B92E148}.AppStore|iPhoneSimulator.Build.0 = Debug|iPhoneSimulator
		{1E59267D-99BC-4009-983A-B50B3B92E148}.Debug|iPhone.ActiveCfg = Debug|iPhone
		{1E59267D-99BC-4009-983A-B50B3B92E148}.Debug|iPhone.Build.0 = Debug|iPhone
		{1E59267D-99BC-4009-983A-B50B3B92E148}.Debug|iPhoneSimulator.ActiveCfg = Debug|iPhoneSimulator
		{1E59267D-99BC-4009-983A-B50B3B92E148}.Debug|iPhoneSimulator.Build.0 = Debug|iPhoneSimulator
		{1E59267D-99BC-4009-983A-B50B3B92E148}.Release|iPhone.ActiveCfg = Release|iPhone
		{1E59267D-99BC-4009-983A-B50B3B92E148}.Release|iPhone.Build.0 = Release|iPhone
		{1E59267D-99BC-4009-983A-B50B3B92E148}.Release|iPhoneSimulator.ActiveCfg = Release|iPhoneSimulator
		{1E59267D-99BC-4009-983A-B50B3B92E148}.Release|iPhoneSimulator.Build.0 = Release|iPhoneSimulator
		{C32D2601-6522-4C1A-A941-3330DFCA4768}.Ad-Hoc|iPhone.ActiveCfg = Ad-Hoc|iPhone
		{C32D2601-6522-4C1A-A941-3330DFCA4768}.Ad-Hoc|iPhone.Build.0 = Ad-Hoc|iPhone
		{C32D2601-6522-4C1A-A941-3330DFCA4768}.Ad-Hoc|iPhoneSimulator.ActiveCfg = Debug|iPhoneSimulator
		{C32D2601-6522-4C1A-A941-3330DFCA4768}.Ad-Hoc|iPhoneSimulator.Build.0 = Debug|iPhoneSimulator
		{C32D2601-6522-4C1A-A941-3330DFCA4768}.AppStore|iPhone.ActiveCfg = AppStore|iPhone
		{C32D2601-6522-4C1A-A941-3330DFCA4768}.AppStore|iPhone.Build.0 = AppStore|iPhone
		{C32D2601-6522-4C1A-A941-3330DFCA4768}.AppStore|iPhoneSimulator.ActiveCfg = Debug|iPhoneSimulator
		{C32D2601-6522-4C1A-A941-3330DFCA4768}.AppStore|iPhoneSimulator.Build.0 = Debug|iPhoneSimulator
		{C32D2601-6522-4C1A-A941-3330DFCA4768}.Debug|iPhone.ActiveCfg = Debug|iPhone
		{C32D2601-6522-4C1A-A941-3330DFCA4768}.Debug|iPhone.Build.0 = Debug|iPhone
		{C32D2601-6522-4C1A-A941-3330DFCA4768}.Debug|iPhoneSimulator.ActiveCfg = Debug|iPhoneSimulator
		{C32D2601-6522-4C1A-A941-3330DFCA4768}.Debug|iPhoneSimulator.Build.0 = Debug|iPhoneSimulator
		{C32D2601-6522-4C1A-A941-3330DFCA4768}.Release|iPhone.ActiveCfg = Release|iPhone
		{C32D2601-6522-4C1A-A941-3330DFCA4768}.Release|iPhone.Build.0 = Release|iPhone
		{C32D2601-6522-4C1A-A941-3330DFCA4768}.Release|iPhoneSimulator.ActiveCfg = Release|iPhoneSimulator
		{C32D2601-6522-4C1A-A941-3330DFCA4768}.Release|iPhoneSimulator.Build.0 = Release|iPhoneSimulator
		{CDB9BE1D-F0A8-487E-8E87-19A784B864E7}.Ad-Hoc|iPhone.ActiveCfg = Ad-Hoc|iPhone
		{CDB9BE1D-F0A8-487E-8E87-19A784B864E7}.Ad-Hoc|iPhone.Build.0 = Ad-Hoc|iPhone
		{CDB9BE1D-F0A8-487E-8E87-19A784B864E7}.Ad-Hoc|iPhoneSimulator.ActiveCfg = Debug|iPhoneSimulator
		{CDB9BE1D-F0A8-487E-8E87-19A784B864E7}.Ad-Hoc|iPhoneSimulator.Build.0 = Debug|iPhoneSimulator
		{CDB9BE1D-F0A8-487E-8E87-19A784B864E7}.AppStore|iPhone.ActiveCfg = AppStore|iPhone
		{CDB9BE1D-F0A8-487E-8E87-19A784B864E7}.AppStore|iPhone.Build.0 = AppStore|iPhone
		{CDB9BE1D-F0A8-487E-8E87-19A784B864E7}.AppStore|iPhoneSimulator.ActiveCfg = Debug|iPhoneSimulator
		{CDB9BE1D-F0A8-487E-8E87-19A784B864E7}.AppStore|iPhoneSimulator.Build.0 = Debug|iPhoneSimulator
		{CDB9BE1D-F0A8-487E-8E87-19A784B864E7}.Debug|iPhone.ActiveCfg = Debug|iPhone
		{CDB9BE1D-F0A8-487E-8E87-19A784B864E7}.Debug|iPhone.Build.0 = Debug|iPhone
		{CDB9BE1D-F0A8-487E-8E87-19A784B864E7}.Debug|iPhoneSimulator.ActiveCfg = Debug|iPhoneSimulator
		{CDB9BE1D-F0A8-487E-8E87-19A784B864E7}.Debug|iPhoneSimulator.Build.0 = Debug|iPhoneSimulator
		{CDB9BE1D-F0A8-487E-8E87-19A784B864E7}.Release|iPhone.ActiveCfg = Release|iPhone
		{CDB9BE1D-F0A8-487E-8E87-19A784B864E7}.Release|iPhone.Build.0 = Release|iPhone
		{CDB9BE1D-F0A8-487E-8E87-19A784B864E7}.Release|iPhoneSimulator.ActiveCfg = Release|iPhoneSimulator
		{CDB9BE1D-F0A8-487E-8E87-19A784B864E7}.Release|iPhoneSimulator.Build.0 = Release|iPhoneSimulator
		{497AD6C9-797F-4578-A440-EC619F7057D8}.Ad-Hoc|iPhone.ActiveCfg = Release|iPhone
		{497AD6C9-797F-4578-A440-EC619F7057D8}.Ad-Hoc|iPhone.Build.0 = Release|iPhone
		{497AD6C9-797F-4578-A440-EC619F7057D8}.Ad-Hoc|iPhoneSimulator.ActiveCfg = Release|iPhone
		{497AD6C9-797F-4578-A440-EC619F7057D8}.AppStore|iPhone.ActiveCfg = Release|iPhone
		{497AD6C9-797F-4578-A440-EC619F7057D8}.AppStore|iPhone.Build.0 = Release|iPhone
		{497AD6C9-797F-4578-A440-EC619F7057D8}.AppStore|iPhoneSimulator.ActiveCfg = Release|iPhone
		{497AD6C9-797F-4578-A440-EC619F7057D8}.Debug|iPhone.ActiveCfg = Debug|iPhone
		{497AD6C9-797F-4578-A440-EC619F7057D8}.Debug|iPhone.Build.0 = Debug|iPhone
		{497AD6C9-797F-4578-A440-EC619F7057D8}.Debug|iPhoneSimulator.ActiveCfg = Debug|iPhoneSimulator
		{497AD6C9-797F-4578-A440-EC619F7057D8}.Debug|iPhoneSimulator.Build.0 = Debug|iPhoneSimulator
		{497AD6C9-797F-4578-A440-EC619F7057D8}.Release|iPhone.ActiveCfg = Release|iPhone
		{497AD6C9-797F-4578-A440-EC619F7057D8}.Release|iPhone.Build.0 = Release|iPhone
		{497AD6C9-797F-4578-A440-EC619F7057D8}.Release|iPhoneSimulator.ActiveCfg = Release|iPhoneSimulator
		{497AD6C9-797F-4578-A440-EC619F7057D8}.Release|iPhoneSimulator.Build.0 = Release|iPhoneSimulator
		{7197C092-E05D-4191-81C3-145CF7A1ADF3}.Ad-Hoc|iPhone.ActiveCfg = Ad-Hoc|iPhone
		{7197C092-E05D-4191-81C3-145CF7A1ADF3}.Ad-Hoc|iPhone.Build.0 = Ad-Hoc|iPhone
		{7197C092-E05D-4191-81C3-145CF7A1ADF3}.Ad-Hoc|iPhoneSimulator.ActiveCfg = Ad-Hoc|iPhoneSimulator
		{7197C092-E05D-4191-81C3-145CF7A1ADF3}.Ad-Hoc|iPhoneSimulator.Build.0 = Ad-Hoc|iPhoneSimulator
		{7197C092-E05D-4191-81C3-145CF7A1ADF3}.AppStore|iPhone.ActiveCfg = AppStore|iPhone
		{7197C092-E05D-4191-81C3-145CF7A1ADF3}.AppStore|iPhone.Build.0 = AppStore|iPhone
		{7197C092-E05D-4191-81C3-145CF7A1ADF3}.AppStore|iPhoneSimulator.ActiveCfg = AppStore|iPhoneSimulator
		{7197C092-E05D-4191-81C3-145CF7A1ADF3}.AppStore|iPhoneSimulator.Build.0 = AppStore|iPhoneSimulator
		{7197C092-E05D-4191-81C3-145CF7A1ADF3}.Debug|iPhone.ActiveCfg = Debug|iPhone
		{7197C092-E05D-4191-81C3-145CF7A1ADF3}.Debug|iPhone.Build.0 = Debug|iPhone
		{7197C092-E05D-4191-81C3-145CF7A1ADF3}.Debug|iPhoneSimulator.ActiveCfg = Debug|iPhoneSimulator
		{7197C092-E05D-4191-81C3-145CF7A1ADF3}.Debug|iPhoneSimulator.Build.0 = Debug|iPhoneSimulator
		{7197C092-E05D-4191-81C3-145CF7A1ADF3}.Release|iPhone.ActiveCfg = Release|iPhone
		{7197C092-E05D-4191-81C3-145CF7A1ADF3}.Release|iPhone.Build.0 = Release|iPhone
		{7197C092-E05D-4191-81C3-145CF7A1ADF3}.Release|iPhoneSimulator.ActiveCfg = Release|iPhoneSimulator
		{7197C092-E05D-4191-81C3-145CF7A1ADF3}.Release|iPhoneSimulator.Build.0 = Release|iPhoneSimulator
	EndGlobalSection
	GlobalSection(SolutionProperties) = preSolution
		HideSolutionNode = FALSE
	EndGlobalSection
	GlobalSection(MonoDevelopProperties) = preSolution
		StartupItem = FilesystemAndSharing\FilesystemAndSharing.csproj
	EndGlobalSection
EndGlobal
