
Microsoft Visual Studio Solution File, Format Version 11.00
# Visual Studio 2010
Project("{FAE04EC0-301F-11D3-BF4B-00C04F79EFBC}") = "ElementsTesting", "ElementsTesting\ElementsTesting.csproj", "{C91F6130-5BA6-4FA1-BD41-D5C9473E4E47}"
EndProject
Global
	GlobalSection(SolutionConfigurationPlatforms) = preSolution
		Debug|iPhoneSimulator = Debug|iPhoneSimulator
		Release|iPhoneSimulator = Release|iPhoneSimulator
		Debug|iPhone = Debug|iPhone
		Release|iPhone = Release|iPhone
		Ad-Hoc|iPhone = Ad-Hoc|iPhone
		AppStore|iPhone = AppStore|iPhone
	EndGlobalSection
	GlobalSection(ProjectConfigurationPlatforms) = postSolution
		{C91F6130-5BA6-4FA1-BD41-D5C9473E4E47}.Ad-Hoc|iPhone.ActiveCfg = Ad-Hoc|iPhone
		{C91F6130-5BA6-4FA1-BD41-D5C9473E4E47}.Ad-Hoc|iPhone.Build.0 = Ad-Hoc|iPhone
		{C91F6130-5BA6-4FA1-BD41-D5C9473E4E47}.AppStore|iPhone.ActiveCfg = AppStore|iPhone
		{C91F6130-5BA6-4FA1-BD41-D5C9473E4E47}.AppStore|iPhone.Build.0 = AppStore|iPhone
		{C91F6130-5BA6-4FA1-BD41-D5C9473E4E47}.Debug|iPhone.ActiveCfg = Debug|iPhone
		{C91F6130-5BA6-4FA1-BD41-D5C9473E4E47}.Debug|iPhone.Build.0 = Debug|iPhone
		{C91F6130-5BA6-4FA1-BD41-D5C9473E4E47}.Debug|iPhoneSimulator.ActiveCfg = Debug|iPhoneSimulator
		{C91F6130-5BA6-4FA1-BD41-D5C9473E4E47}.Debug|iPhoneSimulator.Build.0 = Debug|iPhoneSimulator
		{C91F6130-5BA6-4FA1-BD41-D5C9473E4E47}.Release|iPhone.ActiveCfg = Release|iPhone
		{C91F6130-5BA6-4FA1-BD41-D5C9473E4E47}.Release|iPhone.Build.0 = Release|iPhone
		{C91F6130-5BA6-4FA1-BD41-D5C9473E4E47}.Release|iPhoneSimulator.ActiveCfg = Release|iPhoneSimulator
		{C91F6130-5BA6-4FA1-BD41-D5C9473E4E47}.Release|iPhoneSimulator.Build.0 = Release|iPhoneSimulator
	EndGlobalSection
	GlobalSection(MonoDevelopProperties) = preSolution
		StartupItem = ElementsTesting\ElementsTesting.csproj
	EndGlobalSection
EndGlobal
